
Microsoft Visual Studio Solution File, Format Version 12.00
# Visual Studio Version 17
VisualStudioVersion = 17.2.32630.192
MinimumVisualStudioVersion = 10.0.40219.1
Project("{FAE04EC0-301F-11D3-BF4B-00C04F79EFBC}") = "WindowsFormsApp1", "WindowsFormsApp1.csproj", "{AE375E5A-2AF2-4D01-A362-C3091FA1B265}"
EndProject
Global
	GlobalSection(SolutionConfigurationPlatforms) = preSolution
		Debug|Any CPU = Debug|Any CPU
		Release|Any CPU = Release|Any CPU
	EndGlobalSection
	GlobalSection(ProjectConfigurationPlatforms) = postSolution
		{AE375E5A-2AF2-4D01-A362-C3091FA1B265}.Debug|Any CPU.ActiveCfg = Debug|Any CPU
		{AE375E5A-2AF2-4D01-A362-C3091FA1B265}.Debug|Any CPU.Build.0 = Debug|Any CPU
		{AE375E5A-2AF2-4D01-A362-C3091FA1B265}.Release|Any CPU.ActiveCfg = Release|Any CPU
		{AE375E5A-2AF2-4D01-A362-C3091FA1B265}.Release|Any CPU.Build.0 = Release|Any CPU
	EndGlobalSection
	GlobalSection(SolutionProperties) = preSolution
		HideSolutionNode = FALSE
	EndGlobalSection
	GlobalSection(ExtensibilityGlobals) = postSolution
		SolutionGuid = {AFD2CDF8-189C-4154-B26B-D65E131FC65B}
	EndGlobalSection
EndGlobal
